
Microsoft Visual Studio Solution File, Format Version 12.00
# Visual Studio Version 17
VisualStudioVersion = 17.14.36212.18
MinimumVisualStudioVersion = 10.0.40219.1
Project("{FAE04EC0-301F-11D3-BF4B-00C04F79EFBC}") = "Wynn", "Wynn\Wynn.csproj", "{48B6BD23-E1C5-4E11-9E3D-AA20DB0F586B}"
EndProject
Project("{FAE04EC0-301F-11D3-BF4B-00C04F79EFBC}") = "UnitTests", "UnitTests\UnitTests.csproj", "{601B2FC7-6D08-4E86-B7A8-15B9BAD18913}"
EndProject
Project("{2150E333-8FDC-42A3-9474-1A3956D46DE8}") = ".github", ".github", "{02EA681E-C7D8-13C7-8484-4AC65E1B71E8}"
EndProject
Project("{2150E333-8FDC-42A3-9474-1A3956D46DE8}") = "workflows", "workflows", "{ABE46352-B12D-493B-83EF-454F42A3FF15}"
	ProjectSection(SolutionItems) = preProject
		tests.yml = tests.yml
	EndProjectSection
EndProject
Global
	GlobalSection(SolutionConfigurationPlatforms) = preSolution
		Debug|Any CPU = Debug|Any CPU
		Release|Any CPU = Release|Any CPU
	EndGlobalSection
	GlobalSection(ProjectConfigurationPlatforms) = postSolution
		{48B6BD23-E1C5-4E11-9E3D-AA20DB0F586B}.Debug|Any CPU.ActiveCfg = Debug|Any CPU
		{48B6BD23-E1C5-4E11-9E3D-AA20DB0F586B}.Debug|Any CPU.Build.0 = Debug|Any CPU
		{48B6BD23-E1C5-4E11-9E3D-AA20DB0F586B}.Release|Any CPU.ActiveCfg = Release|Any CPU
		{48B6BD23-E1C5-4E11-9E3D-AA20DB0F586B}.Release|Any CPU.Build.0 = Release|Any CPU
		{601B2FC7-6D08-4E86-B7A8-15B9BAD18913}.Debug|Any CPU.ActiveCfg = Debug|Any CPU
		{601B2FC7-6D08-4E86-B7A8-15B9BAD18913}.Debug|Any CPU.Build.0 = Debug|Any CPU
		{601B2FC7-6D08-4E86-B7A8-15B9BAD18913}.Release|Any CPU.ActiveCfg = Release|Any CPU
		{601B2FC7-6D08-4E86-B7A8-15B9BAD18913}.Release|Any CPU.Build.0 = Release|Any CPU
	EndGlobalSection
	GlobalSection(SolutionProperties) = preSolution
		HideSolutionNode = FALSE
	EndGlobalSection
	GlobalSection(NestedProjects) = preSolution
		{ABE46352-B12D-493B-83EF-454F42A3FF15} = {02EA681E-C7D8-13C7-8484-4AC65E1B71E8}
	EndGlobalSection
	GlobalSection(ExtensibilityGlobals) = postSolution
		SolutionGuid = {70B81A71-86BA-44BC-9FF1-6D90F53B8226}
	EndGlobalSection
EndGlobal
